
Microsoft Visual Studio Solution File, Format Version 12.00
# Visual Studio Version 17
VisualStudioVersion = 17.5.33414.496
MinimumVisualStudioVersion = 10.0.40219.1
Project("{FAE04EC0-301F-11D3-BF4B-00C04F79EFBC}") = "task2-c#", "task2-c#\task2-c#.csproj", "{AB5EEFBB-E25A-4F13-844F-821395CFA98A}"
EndProject
Global
	GlobalSection(SolutionConfigurationPlatforms) = preSolution
		Debug|Any CPU = Debug|Any CPU
		Release|Any CPU = Release|Any CPU
	EndGlobalSection
	GlobalSection(ProjectConfigurationPlatforms) = postSolution
		{AB5EEFBB-E25A-4F13-844F-821395CFA98A}.Debug|Any CPU.ActiveCfg = Debug|Any CPU
		{AB5EEFBB-E25A-4F13-844F-821395CFA98A}.Debug|Any CPU.Build.0 = Debug|Any CPU
		{AB5EEFBB-E25A-4F13-844F-821395CFA98A}.Release|Any CPU.ActiveCfg = Release|Any CPU
		{AB5EEFBB-E25A-4F13-844F-821395CFA98A}.Release|Any CPU.Build.0 = Release|Any CPU
	EndGlobalSection
	GlobalSection(SolutionProperties) = preSolution
		HideSolutionNode = FALSE
	EndGlobalSection
	GlobalSection(ExtensibilityGlobals) = postSolution
		SolutionGuid = {73120E4E-512A-4E1D-9B05-B5709FFB0212}
	EndGlobalSection
EndGlobal
